{
  "version": 4,
  "terraform_version": "1.7.5",
  "serial": 5,
  "lineage": "26e61acf-5fe8-267b-b992-6cf2ee5dcc05",
  "outputs": {
    "app_url": {
      "value": "https://azure-devops-project-ashu.azurewebsites.net",
      "type": "string"
    },
    "staging_url": {
      "value": "https://azure-devops-project-ashu-staging.azurewebsites.net",
      "type": "string"
    }
  },
  "resources": [
    {
      "mode": "managed",
      "type": "azurerm_linux_web_app",
      "name": "app",
      "provider": "provider[\"registry.terraform.io/hashicorp/azurerm\"]",
      "instances": [
        {
          "schema_version": 1,
          "attributes": {
            "app_settings": {
              "WEBSITES_PORT": "8000"
            },
            "auth_settings": [
              {
                "active_directory": [],
                "additional_login_parameters": {},
                "allowed_external_redirect_urls": [],
                "default_provider": "",
                "enabled": false,
                "facebook": [],
                "github": [],
                "google": [],
                "issuer": "",
                "microsoft": [],
                "runtime_version": "",
                "token_refresh_extension_hours": 0,
                "token_store_enabled": false,
                "twitter": [],
                "unauthenticated_client_action": ""
              }
            ],
            "auth_settings_v2": [],
            "backup": [],
            "client_affinity_enabled": false,
            "client_certificate_enabled": false,
            "client_certificate_exclusion_paths": "",
            "client_certificate_mode": "Required",
            "connection_string": [],
            "custom_domain_verification_id": "4D0EFABA1A40B1F3374239912C3B24C5157D142E3D16E5B231A152FDB2D010A3",
            "default_hostname": "azure-devops-project-ashu.azurewebsites.net",
            "enabled": true,
            "ftp_publish_basic_authentication_enabled": false,
            "hosting_environment_id": "",
            "https_only": false,
            "id": "/subscriptions/d64dd647-261a-4042-a3d9-1b3b41824e08/resourceGroups/devops-rg/providers/Microsoft.Web/sites/azure-devops-project-ashu",
            "identity": [],
            "key_vault_reference_identity_id": "SystemAssigned",
            "kind": "app,linux",
            "location": "centralindia",
            "logs": [],
            "name": "azure-devops-project-ashu",
            "outbound_ip_address_list": [
              "20.235.199.199",
              "20.235.199.201",
              "4.224.8.150",
              "4.224.8.186",
              "4.224.8.228",
              "4.224.9.23",
              "4.187.151.60",
              "20.235.192.150",
              "20.235.192.160",
              "20.235.192.212",
              "20.235.193.64",
              "20.235.193.73",
              "20.192.171.2"
            ],
            "outbound_ip_addresses": "20.235.199.199,20.235.199.201,4.224.8.150,4.224.8.186,4.224.8.228,4.224.9.23,4.187.151.60,20.235.192.150,20.235.192.160,20.235.192.212,20.235.193.64,20.235.193.73,20.192.171.2",
            "possible_outbound_ip_address_list": [
              "20.235.199.199",
              "20.235.199.201",
              "4.224.8.150",
              "4.224.8.186",
              "4.224.8.228",
              "4.224.9.23",
              "4.187.151.60",
              "20.235.192.150",
              "20.235.192.160",
              "20.235.192.212",
              "20.235.193.64",
              "20.235.193.73",
              "20.235.194.115",
              "20.235.194.170",
              "20.235.196.87",
              "20.235.195.120",
              "20.235.198.215",
              "20.235.199.105",
              "20.235.199.122",
              "20.235.199.127",
              "20.235.199.140",
              "20.235.199.173",
              "20.235.199.175",
              "20.235.199.191",
              "4.224.9.27",
              "4.224.9.28",
              "4.224.9.34",
              "4.224.9.47",
              "4.224.9.48",
              "4.224.9.59",
              "20.192.171.2"
            ],
            "possible_outbound_ip_addresses": "20.235.199.199,20.235.199.201,4.224.8.150,4.224.8.186,4.224.8.228,4.224.9.23,4.187.151.60,20.235.192.150,20.235.192.160,20.235.192.212,20.235.193.64,20.235.193.73,20.235.194.115,20.235.194.170,20.235.196.87,20.235.195.120,20.235.198.215,20.235.199.105,20.235.199.122,20.235.199.127,20.235.199.140,20.235.199.173,20.235.199.175,20.235.199.191,4.224.9.27,4.224.9.28,4.224.9.34,4.224.9.47,4.224.9.48,4.224.9.59,20.192.171.2",
            "public_network_access_enabled": true,
            "resource_group_name": "devops-rg",
            "service_plan_id": "/subscriptions/d64dd647-261a-4042-a3d9-1b3b41824e08/resourceGroups/devops-rg/providers/Microsoft.Web/serverFarms/devops-plan",
            "site_config": [
              {
                "always_on": true,
                "api_definition_url": "",
                "api_management_api_id": "",
                "app_command_line": "bash startup.sh",
                "application_stack": [
                  {
                    "docker_image_name": "",
                    "docker_registry_password": "",
                    "docker_registry_url": "",
                    "docker_registry_username": "",
                    "dotnet_version": "",
                    "go_version": "",
                    "java_server": "",
                    "java_server_version": "",
                    "java_version": "",
                    "node_version": "",
                    "php_version": "",
                    "python_version": "3.11",
                    "ruby_version": ""
                  }
                ],
                "auto_heal_setting": [],
                "container_registry_managed_identity_client_id": "",
                "container_registry_use_managed_identity": false,
                "cors": [],
                "default_documents": [
                  "Default.htm",
                  "Default.html",
                  "Default.asp",
                  "index.htm",
                  "index.html",
                  "iisstart.htm",
                  "default.aspx",
                  "index.php",
                  "hostingstart.html"
                ],
                "detailed_error_logging_enabled": false,
                "ftps_state": "Disabled",
                "health_check_eviction_time_in_min": 0,
                "health_check_path": "",
                "http2_enabled": false,
                "ip_restriction": [],
                "ip_restriction_default_action": "Allow",
                "linux_fx_version": "PYTHON|3.11",
                "load_balancing_mode": "LeastRequests",
                "local_mysql_enabled": false,
                "managed_pipeline_mode": "Integrated",
                "minimum_tls_version": "1.2",
                "remote_debugging_enabled": false,
                "remote_debugging_version": "VS2022",
                "scm_ip_restriction": [],
                "scm_ip_restriction_default_action": "Allow",
                "scm_minimum_tls_version": "1.2",
                "scm_type": "None",
                "scm_use_main_ip_restriction": false,
                "use_32_bit_worker": true,
                "vnet_route_all_enabled": false,
                "websockets_enabled": false,
                "worker_count": 1
              }
            ],
            "site_credential": [
              {
                "name": "REDACTED",
                "password": "REDACTED"
              }
            ],
            "sticky_settings": [],
            "storage_account": [],
            "tags": null,
            "timeouts": null,
            "virtual_network_backup_restore_enabled": false,
            "virtual_network_subnet_id": "",
            "vnet_image_pull_enabled": false,
            "webdeploy_publish_basic_authentication_enabled": false,
            "zip_deploy_file": ""
          },
          "sensitive_attributes": [],
          "private": "eyJlMmJmYjczMC1lY2FhLTExZTYtOGY4OC0zNDM2M2JjN2M0YzAiOnsiY3JlYXRlIjoxODAwMDAwMDAwMDAwLCJkZWxldGUiOjE4MDAwMDAwMDAwMDAsInJlYWQiOjMwMDAwMDAwMDAwMCwidXBkYXRlIjoxODAwMDAwMDAwMDAwfSwic2NoZW1hX3ZlcnNpb24iOiIxIn0=",
          "dependencies": [
            "azurerm_resource_group.rg",
            "azurerm_service_plan.plan"
          ]
        }
      ]
    },
    {
      "mode": "managed",
      "type": "azurerm_linux_web_app_slot",
      "name": "staging",
      "provider": "provider[\"registry.terraform.io/hashicorp/azurerm\"]",
      "instances": [
        {
          "schema_version": 1,
          "attributes": {
            "app_metadata": {},
            "app_service_id": "/subscriptions/d64dd647-261a-4042-a3d9-1b3b41824e08/resourceGroups/devops-rg/providers/Microsoft.Web/sites/azure-devops-project-ashu",
            "app_settings": {
              "WEBSITES_PORT": "8000"
            },
            "auth_settings": [
              {
                "active_directory": [],
                "additional_login_parameters": {},
                "allowed_external_redirect_urls": [],
                "default_provider": "",
                "enabled": false,
                "facebook": [],
                "github": [],
                "google": [],
                "issuer": "",
                "microsoft": [],
                "runtime_version": "",
                "token_refresh_extension_hours": 0,
                "token_store_enabled": false,
                "twitter": [],
                "unauthenticated_client_action": ""
              }
            ],
            "auth_settings_v2": [],
            "backup": [],
            "client_affinity_enabled": false,
            "client_certificate_enabled": false,
            "client_certificate_exclusion_paths": "",
            "client_certificate_mode": "Required",
            "connection_string": [],
            "custom_domain_verification_id": "4D0EFABA1A40B1F3374239912C3B24C5157D142E3D16E5B231A152FDB2D010A3",
            "default_hostname": "azure-devops-project-ashu-staging.azurewebsites.net",
            "enabled": true,
            "ftp_publish_basic_authentication_enabled": false,
            "hosting_environment_id": "",
            "https_only": false,
            "id": "/subscriptions/d64dd647-261a-4042-a3d9-1b3b41824e08/resourceGroups/devops-rg/providers/Microsoft.Web/sites/azure-devops-project-ashu/slots/staging",
            "identity": [],
            "key_vault_reference_identity_id": "SystemAssigned",
            "kind": "app,linux",
            "logs": [],
            "name": "staging",
            "outbound_ip_address_list": [
              "20.235.199.199",
              "20.235.199.201",
              "4.224.8.150",
              "4.224.8.186",
              "4.224.8.228",
              "4.224.9.23",
              "4.187.151.60",
              "20.235.192.150",
              "20.235.192.160",
              "20.235.192.212",
              "20.235.193.64",
              "20.235.193.73",
              "20.192.171.2"
            ],
            "outbound_ip_addresses": "20.235.199.199,20.235.199.201,4.224.8.150,4.224.8.186,4.224.8.228,4.224.9.23,4.187.151.60,20.235.192.150,20.235.192.160,20.235.192.212,20.235.193.64,20.235.193.73,20.192.171.2",
            "possible_outbound_ip_address_list": [
              "20.235.199.199",
              "20.235.199.201",
              "4.224.8.150",
              "4.224.8.186",
              "4.224.8.228",
              "4.224.9.23",
              "4.187.151.60",
              "20.235.192.150",
              "20.235.192.160",
              "20.235.192.212",
              "20.235.193.64",
              "20.235.193.73",
              "20.235.194.115",
              "20.235.194.170",
              "20.235.196.87",
              "20.235.195.120",
              "20.235.198.215",
              "20.235.199.105",
              "20.235.199.122",
              "20.235.199.127",
              "20.235.199.140",
              "20.235.199.173",
              "20.235.199.175",
              "20.235.199.191",
              "4.224.9.27",
              "4.224.9.28",
              "4.224.9.34",
              "4.224.9.47",
              "4.224.9.48",
              "4.224.9.59",
              "20.192.171.2"
            ],
            "possible_outbound_ip_addresses": "20.235.199.199,20.235.199.201,4.224.8.150,4.224.8.186,4.224.8.228,4.224.9.23,4.187.151.60,20.235.192.150,20.235.192.160,20.235.192.212,20.235.193.64,20.235.193.73,20.235.194.115,20.235.194.170,20.235.196.87,20.235.195.120,20.235.198.215,20.235.199.105,20.235.199.122,20.235.199.127,20.235.199.140,20.235.199.173,20.235.199.175,20.235.199.191,4.224.9.27,4.224.9.28,4.224.9.34,4.224.9.47,4.224.9.48,4.224.9.59,20.192.171.2",
            "public_network_access_enabled": true,
            "service_plan_id": "",
            "site_config": [
              {
                "always_on": true,
                "api_definition_url": "",
                "api_management_api_id": "",
                "app_command_line": "bash startup.sh",
                "application_stack": [
                  {
                    "docker_image_name": "",
                    "docker_registry_password": "",
                    "docker_registry_url": "",
                    "docker_registry_username": "",
                    "dotnet_version": "",
                    "go_version": "",
                    "java_server": "",
                    "java_server_version": "",
                    "java_version": "",
                    "node_version": "",
                    "php_version": "",
                    "python_version": "3.11",
                    "ruby_version": ""
                  }
                ],
                "auto_heal_setting": [],
                "auto_swap_slot_name": "",
                "container_registry_managed_identity_client_id": "",
                "container_registry_use_managed_identity": false,
                "cors": [],
                "default_documents": [
                  "Default.htm",
                  "Default.html",
                  "Default.asp",
                  "index.htm",
                  "index.html",
                  "iisstart.htm",
                  "default.aspx",
                  "index.php",
                  "hostingstart.html"
                ],
                "detailed_error_logging_enabled": false,
                "ftps_state": "Disabled",
                "health_check_eviction_time_in_min": 0,
                "health_check_path": "",
                "http2_enabled": false,
                "ip_restriction": [],
                "ip_restriction_default_action": "Allow",
                "linux_fx_version": "PYTHON|3.11",
                "load_balancing_mode": "LeastRequests",
                "local_mysql_enabled": false,
                "managed_pipeline_mode": "Integrated",
                "minimum_tls_version": "1.2",
                "remote_debugging_enabled": false,
                "remote_debugging_version": "VS2022",
                "scm_ip_restriction": [],
                "scm_ip_restriction_default_action": "Allow",
                "scm_minimum_tls_version": "1.2",
                "scm_type": "None",
                "scm_use_main_ip_restriction": false,
                "use_32_bit_worker": true,
                "vnet_route_all_enabled": false,
                "websockets_enabled": false,
                "worker_count": 1
              }
            ],
            "site_credential": [
              {
                "name": "REDACTED",
                "password": "REDACTED"
              }
            ],
            "storage_account": [],
            "tags": null,
            "timeouts": null,
            "virtual_network_backup_restore_enabled": false,
            "virtual_network_subnet_id": "",
            "vnet_image_pull_enabled": false,
            "webdeploy_publish_basic_authentication_enabled": false,
            "zip_deploy_file": ""
          },
          "sensitive_attributes": [],
          "private": "eyJlMmJmYjczMC1lY2FhLTExZTYtOGY4OC0zNDM2M2JjN2M0YzAiOnsiY3JlYXRlIjoxODAwMDAwMDAwMDAwLCJkZWxldGUiOjE4MDAwMDAwMDAwMDAsInJlYWQiOjMwMDAwMDAwMDAwMCwidXBkYXRlIjoxODAwMDAwMDAwMDAwfSwic2NoZW1hX3ZlcnNpb24iOiIxIn0=",
          "dependencies": [
            "azurerm_linux_web_app.app",
            "azurerm_resource_group.rg",
            "azurerm_service_plan.plan"
          ]
        }
      ]
    },
    {
      "mode": "managed",
      "type": "azurerm_resource_group",
      "name": "rg",
      "provider": "provider[\"registry.terraform.io/hashicorp/azurerm\"]",
      "instances": [
        {
          "schema_version": 0,
          "attributes": {
            "id": "/subscriptions/d64dd647-261a-4042-a3d9-1b3b41824e08/resourceGroups/devops-rg",
            "location": "centralindia",
            "managed_by": "",
            "name": "devops-rg",
            "tags": null,
            "timeouts": null
          },
          "sensitive_attributes": [],
          "private": "eyJlMmJmYjczMC1lY2FhLTExZTYtOGY4OC0zNDM2M2JjN2M0YzAiOnsiY3JlYXRlIjo1NDAwMDAwMDAwMDAwLCJkZWxldGUiOjU0MDAwMDAwMDAwMDAsInJlYWQiOjMwMDAwMDAwMDAwMCwidXBkYXRlIjo1NDAwMDAwMDAwMDAwfX0="
        }
      ]
    },
    {
      "mode": "managed",
      "type": "azurerm_service_plan",
      "name": "plan",
      "provider": "provider[\"registry.terraform.io/hashicorp/azurerm\"]",
      "instances": [
        {
          "schema_version": 1,
          "attributes": {
            "app_service_environment_id": "",
            "id": "/subscriptions/d64dd647-261a-4042-a3d9-1b3b41824e08/resourceGroups/devops-rg/providers/Microsoft.Web/serverFarms/devops-plan",
            "kind": "linux",
            "location": "centralindia",
            "maximum_elastic_worker_count": 1,
            "name": "devops-plan",
            "os_type": "Linux",
            "per_site_scaling_enabled": false,
            "premium_plan_auto_scale_enabled": false,
            "reserved": true,
            "resource_group_name": "devops-rg",
            "sku_name": "S1",
            "tags": null,
            "timeouts": null,
            "worker_count": 1,
            "zone_balancing_enabled": false
          },
          "sensitive_attributes": [],
          "private": "eyJlMmJmYjczMC1lY2FhLTExZTYtOGY4OC0zNDM2M2JjN2M0YzAiOnsiY3JlYXRlIjozNjAwMDAwMDAwMDAwLCJkZWxldGUiOjM2MDAwMDAwMDAwMDAsInJlYWQiOjMwMDAwMDAwMDAwMCwidXBkYXRlIjozNjAwMDAwMDAwMDAwfSwic2NoZW1hX3ZlcnNpb24iOiIxIn0=",
          "dependencies": [
            "azurerm_resource_group.rg"
          ]
        }
      ]
    }
  ],
  "check_results": null
}
